// !$*UTF8*$!
{
	archiveVersion = 1;
	classes = {
	};
	objectVersion = 46;
	objects = {

/* Begin PBXBuildFile section */
		0E1BC78D16F41F0C00048F4B /* MyPhotoViewController.m in Sources */ = {isa = PBXBuildFile; fileRef = 0E1BC78C16F41F0B00048F4B /* MyPhotoViewController.m */; };
		0E52148F16D6BC9600E1E153 /* UIKit.framework in Frameworks */ = {isa = PBXBuildFile; fileRef = 0E52148E16D6BC9600E1E153 /* UIKit.framework */; };
		0E52149116D6BC9600E1E153 /* Foundation.framework in Frameworks */ = {isa = PBXBuildFile; fileRef = 0E52149016D6BC9600E1E153 /* Foundation.framework */; };
		0E52149316D6BC9600E1E153 /* CoreGraphics.framework in Frameworks */ = {isa = PBXBuildFile; fileRef = 0E52149216D6BC9600E1E153 /* CoreGraphics.framework */; };
		0E52149916D6BC9600E1E153 /* InfoPlist.strings in Resources */ = {isa = PBXBuildFile; fileRef = 0E52149716D6BC9600E1E153 /* InfoPlist.strings */; };
		0E52149B16D6BC9600E1E153 /* main.m in Sources */ = {isa = PBXBuildFile; fileRef = 0E52149A16D6BC9600E1E153 /* main.m */; };
		0E52149F16D6BC9600E1E153 /* NGAppDelegate.m in Sources */ = {isa = PBXBuildFile; fileRef = 0E52149E16D6BC9600E1E153 /* NGAppDelegate.m */; };
		0E5214A116D6BC9600E1E153 /* Default.png in Resources */ = {isa = PBXBuildFile; fileRef = 0E5214A016D6BC9600E1E153 /* Default.png */; };
		0E5214A316D6BC9600E1E153 /* Default@2x.png in Resources */ = {isa = PBXBuildFile; fileRef = 0E5214A216D6BC9600E1E153 /* Default@2x.png */; };
		0E5214A516D6BC9600E1E153 /* Default-568h@2x.png in Resources */ = {isa = PBXBuildFile; fileRef = 0E5214A416D6BC9600E1E153 /* Default-568h@2x.png */; };
		0E5214A816D6BC9600E1E153 /* MainStoryboard.storyboard in Resources */ = {isa = PBXBuildFile; fileRef = 0E5214A616D6BC9600E1E153 /* MainStoryboard.storyboard */; };
		0E5214AB16D6BC9600E1E153 /* NGViewController.m in Sources */ = {isa = PBXBuildFile; fileRef = 0E5214AA16D6BC9600E1E153 /* NGViewController.m */; };
		0E5214B316D6C1FF00E1E153 /* NGNearbyViewController.m in Sources */ = {isa = PBXBuildFile; fileRef = 0E5214B216D6C1FF00E1E153 /* NGNearbyViewController.m */; };
		0E5214B616D6C55800E1E153 /* NGMeViewController.m in Sources */ = {isa = PBXBuildFile; fileRef = 0E5214B516D6C55800E1E153 /* NGMeViewController.m */; };
		0E5214D216D6F93200E1E153 /* NSObject+SBJSON.m in Sources */ = {isa = PBXBuildFile; fileRef = 0E5214C416D6F93200E1E153 /* NSObject+SBJSON.m */; settings = {COMPILER_FLAGS = "-fno-objc-arc"; }; };
		0E5214D316D6F93200E1E153 /* NSString+SBJSON.m in Sources */ = {isa = PBXBuildFile; fileRef = 0E5214C616D6F93200E1E153 /* NSString+SBJSON.m */; settings = {COMPILER_FLAGS = "-fno-objc-arc"; }; };
		0E5214D416D6F93200E1E153 /* SBJsonBase.m in Sources */ = {isa = PBXBuildFile; fileRef = 0E5214C816D6F93200E1E153 /* SBJsonBase.m */; settings = {COMPILER_FLAGS = "-fno-objc-arc"; }; };
		0E5214D516D6F93200E1E153 /* SBJsonParser.m in Sources */ = {isa = PBXBuildFile; fileRef = 0E5214CA16D6F93200E1E153 /* SBJsonParser.m */; settings = {COMPILER_FLAGS = "-fno-objc-arc"; }; };
		0E5214D616D6F93200E1E153 /* SBJsonWriter.m in Sources */ = {isa = PBXBuildFile; fileRef = 0E5214CC16D6F93200E1E153 /* SBJsonWriter.m */; settings = {COMPILER_FLAGS = "-fno-objc-arc"; }; };
		0E5214D816D6FC2000E1E153 /* CFNetwork.framework in Frameworks */ = {isa = PBXBuildFile; fileRef = 0E5214D716D6FC2000E1E153 /* CFNetwork.framework */; };
		0E5214DA16D6FDA000E1E153 /* Security.framework in Frameworks */ = {isa = PBXBuildFile; fileRef = 0E5214D916D6FDA000E1E153 /* Security.framework */; };
		0E5214DC16D6FDA900E1E153 /* SystemConfiguration.framework in Frameworks */ = {isa = PBXBuildFile; fileRef = 0E5214DB16D6FDA900E1E153 /* SystemConfiguration.framework */; };
		0E5214DF16D6FF3E00E1E153 /* NGTabBarViewController.m in Sources */ = {isa = PBXBuildFile; fileRef = 0E5214DE16D6FF3D00E1E153 /* NGTabBarViewController.m */; };
		0ED3F6D117583CA1005183D0 /* AFHTTPClient.m in Sources */ = {isa = PBXBuildFile; fileRef = 0ED3F6B217583CA1005183D0 /* AFHTTPClient.m */; settings = {COMPILER_FLAGS = "-fno-objc-arc"; }; };
		0ED3F6D217583CA1005183D0 /* AFHTTPRequestOperation.m in Sources */ = {isa = PBXBuildFile; fileRef = 0ED3F6B417583CA1005183D0 /* AFHTTPRequestOperation.m */; settings = {COMPILER_FLAGS = "-fno-objc-arc"; }; };
		0ED3F6D317583CA1005183D0 /* AFImageCache.m in Sources */ = {isa = PBXBuildFile; fileRef = 0ED3F6B617583CA1005183D0 /* AFImageCache.m */; settings = {COMPILER_FLAGS = "-fno-objc-arc"; }; };
		0ED3F6D417583CA1005183D0 /* AFImageRequestOperation.m in Sources */ = {isa = PBXBuildFile; fileRef = 0ED3F6B817583CA1005183D0 /* AFImageRequestOperation.m */; settings = {COMPILER_FLAGS = "-fno-objc-arc"; }; };
		0ED3F6D517583CA1005183D0 /* AFJSONRequestOperation.m in Sources */ = {isa = PBXBuildFile; fileRef = 0ED3F6BA17583CA1005183D0 /* AFJSONRequestOperation.m */; settings = {COMPILER_FLAGS = "-fno-objc-arc"; }; };
		0ED3F6D617583CA1005183D0 /* AFNetworkActivityIndicatorManager.m in Sources */ = {isa = PBXBuildFile; fileRef = 0ED3F6BD17583CA1005183D0 /* AFNetworkActivityIndicatorManager.m */; settings = {COMPILER_FLAGS = "-fno-objc-arc"; }; };
		0ED3F6D717583CA1005183D0 /* AFPropertyListRequestOperation.m in Sources */ = {isa = PBXBuildFile; fileRef = 0ED3F6C017583CA1005183D0 /* AFPropertyListRequestOperation.m */; settings = {COMPILER_FLAGS = "-fno-objc-arc"; }; };
		0ED3F6D817583CA1005183D0 /* AFURLConnectionOperation.m in Sources */ = {isa = PBXBuildFile; fileRef = 0ED3F6C217583CA1005183D0 /* AFURLConnectionOperation.m */; settings = {COMPILER_FLAGS = "-fno-objc-arc"; }; };
		0ED3F6D917583CA1005183D0 /* AFXMLRequestOperation.m in Sources */ = {isa = PBXBuildFile; fileRef = 0ED3F6C417583CA1005183D0 /* AFXMLRequestOperation.m */; settings = {COMPILER_FLAGS = "-fno-objc-arc"; }; };
		0ED3F6DA17583CA1005183D0 /* UIImageView+AFNetworking.m in Sources */ = {isa = PBXBuildFile; fileRef = 0ED3F6C617583CA1005183D0 /* UIImageView+AFNetworking.m */; settings = {COMPILER_FLAGS = "-fno-objc-arc"; }; };
		0ED3F6DB17583CA1005183D0 /* HSInstagram.m in Sources */ = {isa = PBXBuildFile; fileRef = 0ED3F6C917583CA1005183D0 /* HSInstagram.m */; };
		0ED3F6DC17583CA1005183D0 /* HSInstagramLocation.m in Sources */ = {isa = PBXBuildFile; fileRef = 0ED3F6CC17583CA1005183D0 /* HSInstagramLocation.m */; };
		0ED3F6DD17583CA1005183D0 /* HSInstagramLocationMedia.m in Sources */ = {isa = PBXBuildFile; fileRef = 0ED3F6CE17583CA1005183D0 /* HSInstagramLocationMedia.m */; };
		0ED3F6DE17583CA1005183D0 /* HSInstagramUserMedia.m in Sources */ = {isa = PBXBuildFile; fileRef = 0ED3F6D017583CA1005183D0 /* HSInstagramUserMedia.m */; };
/* End PBXBuildFile section */

/* Begin PBXFileReference section */
		0E1BC78B16F41F0B00048F4B /* MyPhotoViewController.h */ = {isa = PBXFileReference; fileEncoding = 4; lastKnownFileType = sourcecode.c.h; path = MyPhotoViewController.h; sourceTree = "<group>"; };
		0E1BC78C16F41F0B00048F4B /* MyPhotoViewController.m */ = {isa = PBXFileReference; fileEncoding = 4; lastKnownFileType = sourcecode.c.objc; path = MyPhotoViewController.m; sourceTree = "<group>"; };
		0E52148B16D6BC9600E1E153 /* Neargram.app */ = {isa = PBXFileReference; explicitFileType = wrapper.application; includeInIndex = 0; path = Neargram.app; sourceTree = BUILT_PRODUCTS_DIR; };
		0E52148E16D6BC9600E1E153 /* UIKit.framework */ = {isa = PBXFileReference; lastKnownFileType = wrapper.framework; name = UIKit.framework; path = System/Library/Frameworks/UIKit.framework; sourceTree = SDKROOT; };
		0E52149016D6BC9600E1E153 /* Foundation.framework */ = {isa = PBXFileReference; lastKnownFileType = wrapper.framework; name = Foundation.framework; path = System/Library/Frameworks/Foundation.framework; sourceTree = SDKROOT; };
		0E52149216D6BC9600E1E153 /* CoreGraphics.framework */ = {isa = PBXFileReference; lastKnownFileType = wrapper.framework; name = CoreGraphics.framework; path = System/Library/Frameworks/CoreGraphics.framework; sourceTree = SDKROOT; };
		0E52149616D6BC9600E1E153 /* Neargram-Info.plist */ = {isa = PBXFileReference; lastKnownFileType = text.plist.xml; path = "Neargram-Info.plist"; sourceTree = "<group>"; };
		0E52149816D6BC9600E1E153 /* en */ = {isa = PBXFileReference; lastKnownFileType = text.plist.strings; name = en; path = en.lproj/InfoPlist.strings; sourceTree = "<group>"; };
		0E52149A16D6BC9600E1E153 /* main.m */ = {isa = PBXFileReference; lastKnownFileType = sourcecode.c.objc; path = main.m; sourceTree = "<group>"; };
		0E52149C16D6BC9600E1E153 /* Neargram-Prefix.pch */ = {isa = PBXFileReference; lastKnownFileType = sourcecode.c.h; path = "Neargram-Prefix.pch"; sourceTree = "<group>"; };
		0E52149D16D6BC9600E1E153 /* NGAppDelegate.h */ = {isa = PBXFileReference; lastKnownFileType = sourcecode.c.h; path = NGAppDelegate.h; sourceTree = "<group>"; };
		0E52149E16D6BC9600E1E153 /* NGAppDelegate.m */ = {isa = PBXFileReference; lastKnownFileType = sourcecode.c.objc; path = NGAppDelegate.m; sourceTree = "<group>"; };
		0E5214A016D6BC9600E1E153 /* Default.png */ = {isa = PBXFileReference; lastKnownFileType = image.png; path = Default.png; sourceTree = "<group>"; };
		0E5214A216D6BC9600E1E153 /* Default@2x.png */ = {isa = PBXFileReference; lastKnownFileType = image.png; path = "Default@2x.png"; sourceTree = "<group>"; };
		0E5214A416D6BC9600E1E153 /* Default-568h@2x.png */ = {isa = PBXFileReference; lastKnownFileType = image.png; path = "Default-568h@2x.png"; sourceTree = "<group>"; };
		0E5214A716D6BC9600E1E153 /* en */ = {isa = PBXFileReference; lastKnownFileType = file.storyboard; name = en; path = en.lproj/MainStoryboard.storyboard; sourceTree = "<group>"; };
		0E5214A916D6BC9600E1E153 /* NGViewController.h */ = {isa = PBXFileReference; lastKnownFileType = sourcecode.c.h; path = NGViewController.h; sourceTree = "<group>"; };
		0E5214AA16D6BC9600E1E153 /* NGViewController.m */ = {isa = PBXFileReference; lastKnownFileType = sourcecode.c.objc; path = NGViewController.m; sourceTree = "<group>"; };
		0E5214B116D6C1FF00E1E153 /* NGNearbyViewController.h */ = {isa = PBXFileReference; fileEncoding = 4; lastKnownFileType = sourcecode.c.h; path = NGNearbyViewController.h; sourceTree = "<group>"; };
		0E5214B216D6C1FF00E1E153 /* NGNearbyViewController.m */ = {isa = PBXFileReference; fileEncoding = 4; lastKnownFileType = sourcecode.c.objc; path = NGNearbyViewController.m; sourceTree = "<group>"; };
		0E5214B416D6C55800E1E153 /* NGMeViewController.h */ = {isa = PBXFileReference; fileEncoding = 4; lastKnownFileType = sourcecode.c.h; path = NGMeViewController.h; sourceTree = "<group>"; };
		0E5214B516D6C55800E1E153 /* NGMeViewController.m */ = {isa = PBXFileReference; fileEncoding = 4; lastKnownFileType = sourcecode.c.objc; path = NGMeViewController.m; sourceTree = "<group>"; };
		0E5214C216D6F93200E1E153 /* JSON.h */ = {isa = PBXFileReference; fileEncoding = 4; lastKnownFileType = sourcecode.c.h; path = JSON.h; sourceTree = "<group>"; };
		0E5214C316D6F93200E1E153 /* NSObject+SBJSON.h */ = {isa = PBXFileReference; fileEncoding = 4; lastKnownFileType = sourcecode.c.h; path = "NSObject+SBJSON.h"; sourceTree = "<group>"; };
		0E5214C416D6F93200E1E153 /* NSObject+SBJSON.m */ = {isa = PBXFileReference; fileEncoding = 4; lastKnownFileType = sourcecode.c.objc; path = "NSObject+SBJSON.m"; sourceTree = "<group>"; };
		0E5214C516D6F93200E1E153 /* NSString+SBJSON.h */ = {isa = PBXFileReference; fileEncoding = 4; lastKnownFileType = sourcecode.c.h; path = "NSString+SBJSON.h"; sourceTree = "<group>"; };
		0E5214C616D6F93200E1E153 /* NSString+SBJSON.m */ = {isa = PBXFileReference; fileEncoding = 4; lastKnownFileType = sourcecode.c.objc; path = "NSString+SBJSON.m"; sourceTree = "<group>"; };
		0E5214C716D6F93200E1E153 /* SBJsonBase.h */ = {isa = PBXFileReference; fileEncoding = 4; lastKnownFileType = sourcecode.c.h; path = SBJsonBase.h; sourceTree = "<group>"; };
		0E5214C816D6F93200E1E153 /* SBJsonBase.m */ = {isa = PBXFileReference; fileEncoding = 4; lastKnownFileType = sourcecode.c.objc; path = SBJsonBase.m; sourceTree = "<group>"; };
		0E5214C916D6F93200E1E153 /* SBJsonParser.h */ = {isa = PBXFileReference; fileEncoding = 4; lastKnownFileType = sourcecode.c.h; path = SBJsonParser.h; sourceTree = "<group>"; };
		0E5214CA16D6F93200E1E153 /* SBJsonParser.m */ = {isa = PBXFileReference; fileEncoding = 4; lastKnownFileType = sourcecode.c.objc; path = SBJsonParser.m; sourceTree = "<group>"; };
		0E5214CB16D6F93200E1E153 /* SBJsonWriter.h */ = {isa = PBXFileReference; fileEncoding = 4; lastKnownFileType = sourcecode.c.h; path = SBJsonWriter.h; sourceTree = "<group>"; };
		0E5214CC16D6F93200E1E153 /* SBJsonWriter.m */ = {isa = PBXFileReference; fileEncoding = 4; lastKnownFileType = sourcecode.c.objc; path = SBJsonWriter.m; sourceTree = "<group>"; };
		0E5214D716D6FC2000E1E153 /* CFNetwork.framework */ = {isa = PBXFileReference; lastKnownFileType = wrapper.framework; name = CFNetwork.framework; path = System/Library/Frameworks/CFNetwork.framework; sourceTree = SDKROOT; };
		0E5214D916D6FDA000E1E153 /* Security.framework */ = {isa = PBXFileReference; lastKnownFileType = wrapper.framework; name = Security.framework; path = System/Library/Frameworks/Security.framework; sourceTree = SDKROOT; };
		0E5214DB16D6FDA900E1E153 /* SystemConfiguration.framework */ = {isa = PBXFileReference; lastKnownFileType = wrapper.framework; name = SystemConfiguration.framework; path = System/Library/Frameworks/SystemConfiguration.framework; sourceTree = SDKROOT; };
		0E5214DD16D6FF3D00E1E153 /* NGTabBarViewController.h */ = {isa = PBXFileReference; fileEncoding = 4; lastKnownFileType = sourcecode.c.h; path = NGTabBarViewController.h; sourceTree = "<group>"; };
		0E5214DE16D6FF3D00E1E153 /* NGTabBarViewController.m */ = {isa = PBXFileReference; fileEncoding = 4; lastKnownFileType = sourcecode.c.objc; path = NGTabBarViewController.m; sourceTree = "<group>"; };
		0ED3F6B117583CA1005183D0 /* AFHTTPClient.h */ = {isa = PBXFileReference; fileEncoding = 4; lastKnownFileType = sourcecode.c.h; path = AFHTTPClient.h; sourceTree = "<group>"; };
		0ED3F6B217583CA1005183D0 /* AFHTTPClient.m */ = {isa = PBXFileReference; fileEncoding = 4; lastKnownFileType = sourcecode.c.objc; path = AFHTTPClient.m; sourceTree = "<group>"; };
		0ED3F6B317583CA1005183D0 /* AFHTTPRequestOperation.h */ = {isa = PBXFileReference; fileEncoding = 4; lastKnownFileType = sourcecode.c.h; path = AFHTTPRequestOperation.h; sourceTree = "<group>"; };
		0ED3F6B417583CA1005183D0 /* AFHTTPRequestOperation.m */ = {isa = PBXFileReference; fileEncoding = 4; lastKnownFileType = sourcecode.c.objc; path = AFHTTPRequestOperation.m; sourceTree = "<group>"; };
		0ED3F6B517583CA1005183D0 /* AFImageCache.h */ = {isa = PBXFileReference; fileEncoding = 4; lastKnownFileType = sourcecode.c.h; path = AFImageCache.h; sourceTree = "<group>"; };
		0ED3F6B617583CA1005183D0 /* AFImageCache.m */ = {isa = PBXFileReference; fileEncoding = 4; lastKnownFileType = sourcecode.c.objc; path = AFImageCache.m; sourceTree = "<group>"; };
		0ED3F6B717583CA1005183D0 /* AFImageRequestOperation.h */ = {isa = PBXFileReference; fileEncoding = 4; lastKnownFileType = sourcecode.c.h; path = AFImageRequestOperation.h; sourceTree = "<group>"; };
		0ED3F6B817583CA1005183D0 /* AFImageRequestOperation.m */ = {isa = PBXFileReference; fileEncoding = 4; lastKnownFileType = sourcecode.c.objc; path = AFImageRequestOperation.m; sourceTree = "<group>"; };
		0ED3F6B917583CA1005183D0 /* AFJSONRequestOperation.h */ = {isa = PBXFileReference; fileEncoding = 4; lastKnownFileType = sourcecode.c.h; path = AFJSONRequestOperation.h; sourceTree = "<group>"; };
		0ED3F6BA17583CA1005183D0 /* AFJSONRequestOperation.m */ = {isa = PBXFileReference; fileEncoding = 4; lastKnownFileType = sourcecode.c.objc; path = AFJSONRequestOperation.m; sourceTree = "<group>"; };
		0ED3F6BB17583CA1005183D0 /* AFJSONUtilities.h */ = {isa = PBXFileReference; fileEncoding = 4; lastKnownFileType = sourcecode.c.h; path = AFJSONUtilities.h; sourceTree = "<group>"; };
		0ED3F6BC17583CA1005183D0 /* AFNetworkActivityIndicatorManager.h */ = {isa = PBXFileReference; fileEncoding = 4; lastKnownFileType = sourcecode.c.h; path = AFNetworkActivityIndicatorManager.h; sourceTree = "<group>"; };
		0ED3F6BD17583CA1005183D0 /* AFNetworkActivityIndicatorManager.m */ = {isa = PBXFileReference; fileEncoding = 4; lastKnownFileType = sourcecode.c.objc; path = AFNetworkActivityIndicatorManager.m; sourceTree = "<group>"; };
		0ED3F6BE17583CA1005183D0 /* AFNetworking.h */ = {isa = PBXFileReference; fileEncoding = 4; lastKnownFileType = sourcecode.c.h; path = AFNetworking.h; sourceTree = "<group>"; };
		0ED3F6BF17583CA1005183D0 /* AFPropertyListRequestOperation.h */ = {isa = PBXFileReference; fileEncoding = 4; lastKnownFileType = sourcecode.c.h; path = AFPropertyListRequestOperation.h; sourceTree = "<group>"; };
		0ED3F6C017583CA1005183D0 /* AFPropertyListRequestOperation.m */ = {isa = PBXFileReference; fileEncoding = 4; lastKnownFileType = sourcecode.c.objc; path = AFPropertyListRequestOperation.m; sourceTree = "<group>"; };
		0ED3F6C117583CA1005183D0 /* AFURLConnectionOperation.h */ = {isa = PBXFileReference; fileEncoding = 4; lastKnownFileType = sourcecode.c.h; path = AFURLConnectionOperation.h; sourceTree = "<group>"; };
		0ED3F6C217583CA1005183D0 /* AFURLConnectionOperation.m */ = {isa = PBXFileReference; fileEncoding = 4; lastKnownFileType = sourcecode.c.objc; path = AFURLConnectionOperation.m; sourceTree = "<group>"; };
		0ED3F6C317583CA1005183D0 /* AFXMLRequestOperation.h */ = {isa = PBXFileReference; fileEncoding = 4; lastKnownFileType = sourcecode.c.h; path = AFXMLRequestOperation.h; sourceTree = "<group>"; };
		0ED3F6C417583CA1005183D0 /* AFXMLRequestOperation.m */ = {isa = PBXFileReference; fileEncoding = 4; lastKnownFileType = sourcecode.c.objc; path = AFXMLRequestOperation.m; sourceTree = "<group>"; };
		0ED3F6C517583CA1005183D0 /* UIImageView+AFNetworking.h */ = {isa = PBXFileReference; fileEncoding = 4; lastKnownFileType = sourcecode.c.h; path = "UIImageView+AFNetworking.h"; sourceTree = "<group>"; };
		0ED3F6C617583CA1005183D0 /* UIImageView+AFNetworking.m */ = {isa = PBXFileReference; fileEncoding = 4; lastKnownFileType = sourcecode.c.objc; path = "UIImageView+AFNetworking.m"; sourceTree = "<group>"; };
		0ED3F6C817583CA1005183D0 /* HSInstagram.h */ = {isa = PBXFileReference; fileEncoding = 4; lastKnownFileType = sourcecode.c.h; path = HSInstagram.h; sourceTree = "<group>"; };
		0ED3F6C917583CA1005183D0 /* HSInstagram.m */ = {isa = PBXFileReference; fileEncoding = 4; lastKnownFileType = sourcecode.c.objc; path = HSInstagram.m; sourceTree = "<group>"; };
		0ED3F6CB17583CA1005183D0 /* HSInstagramLocation.h */ = {isa = PBXFileReference; fileEncoding = 4; lastKnownFileType = sourcecode.c.h; path = HSInstagramLocation.h; sourceTree = "<group>"; };
		0ED3F6CC17583CA1005183D0 /* HSInstagramLocation.m */ = {isa = PBXFileReference; fileEncoding = 4; lastKnownFileType = sourcecode.c.objc; path = HSInstagramLocation.m; sourceTree = "<group>"; };
		0ED3F6CD17583CA1005183D0 /* HSInstagramLocationMedia.h */ = {isa = PBXFileReference; fileEncoding = 4; lastKnownFileType = sourcecode.c.h; path = HSInstagramLocationMedia.h; sourceTree = "<group>"; };
		0ED3F6CE17583CA1005183D0 /* HSInstagramLocationMedia.m */ = {isa = PBXFileReference; fileEncoding = 4; lastKnownFileType = sourcecode.c.objc; path = HSInstagramLocationMedia.m; sourceTree = "<group>"; };
		0ED3F6CF17583CA1005183D0 /* HSInstagramUserMedia.h */ = {isa = PBXFileReference; fileEncoding = 4; lastKnownFileType = sourcecode.c.h; path = HSInstagramUserMedia.h; sourceTree = "<group>"; };
		0ED3F6D017583CA1005183D0 /* HSInstagramUserMedia.m */ = {isa = PBXFileReference; fileEncoding = 4; lastKnownFileType = sourcecode.c.objc; path = HSInstagramUserMedia.m; sourceTree = "<group>"; };
/* End PBXFileReference section */

/* Begin PBXFrameworksBuildPhase section */
		0E52148816D6BC9600E1E153 /* Frameworks */ = {
			isa = PBXFrameworksBuildPhase;
			buildActionMask = 2147483647;
			files = (
				0E5214DC16D6FDA900E1E153 /* SystemConfiguration.framework in Frameworks */,
				0E5214DA16D6FDA000E1E153 /* Security.framework in Frameworks */,
				0E5214D816D6FC2000E1E153 /* CFNetwork.framework in Frameworks */,
				0E52148F16D6BC9600E1E153 /* UIKit.framework in Frameworks */,
				0E52149116D6BC9600E1E153 /* Foundation.framework in Frameworks */,
				0E52149316D6BC9600E1E153 /* CoreGraphics.framework in Frameworks */,
			);
			runOnlyForDeploymentPostprocessing = 0;
		};
/* End PBXFrameworksBuildPhase section */

/* Begin PBXGroup section */
		0E52148216D6BC9600E1E153 = {
			isa = PBXGroup;
			children = (
				0E52149416D6BC9600E1E153 /* Neargram */,
				0E52148D16D6BC9600E1E153 /* Frameworks */,
				0E52148C16D6BC9600E1E153 /* Products */,
			);
			sourceTree = "<group>";
		};
		0E52148C16D6BC9600E1E153 /* Products */ = {
			isa = PBXGroup;
			children = (
				0E52148B16D6BC9600E1E153 /* Neargram.app */,
			);
			name = Products;
			sourceTree = "<group>";
		};
		0E52148D16D6BC9600E1E153 /* Frameworks */ = {
			isa = PBXGroup;
			children = (
				0E5214DB16D6FDA900E1E153 /* SystemConfiguration.framework */,
				0E5214D916D6FDA000E1E153 /* Security.framework */,
				0E5214D716D6FC2000E1E153 /* CFNetwork.framework */,
				0E52148E16D6BC9600E1E153 /* UIKit.framework */,
				0E52149016D6BC9600E1E153 /* Foundation.framework */,
				0E52149216D6BC9600E1E153 /* CoreGraphics.framework */,
			);
			name = Frameworks;
			sourceTree = "<group>";
		};
		0E52149416D6BC9600E1E153 /* Neargram */ = {
			isa = PBXGroup;
			children = (
				0ED3F6AF17583CA0005183D0 /* Vendor */,
				0E5214C116D6F93200E1E153 /* JSON */,
				0E52149D16D6BC9600E1E153 /* NGAppDelegate.h */,
				0E52149E16D6BC9600E1E153 /* NGAppDelegate.m */,
				0E5214A616D6BC9600E1E153 /* MainStoryboard.storyboard */,
				0E5214A916D6BC9600E1E153 /* NGViewController.h */,
				0E5214AA16D6BC9600E1E153 /* NGViewController.m */,
				0E5214DD16D6FF3D00E1E153 /* NGTabBarViewController.h */,
				0E5214DE16D6FF3D00E1E153 /* NGTabBarViewController.m */,
				0E5214B116D6C1FF00E1E153 /* NGNearbyViewController.h */,
				0E5214B216D6C1FF00E1E153 /* NGNearbyViewController.m */,
				0E5214B416D6C55800E1E153 /* NGMeViewController.h */,
				0E5214B516D6C55800E1E153 /* NGMeViewController.m */,
				0E1BC78B16F41F0B00048F4B /* MyPhotoViewController.h */,
				0E1BC78C16F41F0B00048F4B /* MyPhotoViewController.m */,
				0E52149516D6BC9600E1E153 /* Supporting Files */,
			);
			path = Neargram;
			sourceTree = "<group>";
		};
		0E52149516D6BC9600E1E153 /* Supporting Files */ = {
			isa = PBXGroup;
			children = (
				0E52149616D6BC9600E1E153 /* Neargram-Info.plist */,
				0E52149716D6BC9600E1E153 /* InfoPlist.strings */,
				0E52149A16D6BC9600E1E153 /* main.m */,
				0E52149C16D6BC9600E1E153 /* Neargram-Prefix.pch */,
				0E5214A016D6BC9600E1E153 /* Default.png */,
				0E5214A216D6BC9600E1E153 /* Default@2x.png */,
				0E5214A416D6BC9600E1E153 /* Default-568h@2x.png */,
			);
			name = "Supporting Files";
			sourceTree = "<group>";
		};
		0E5214C116D6F93200E1E153 /* JSON */ = {
			isa = PBXGroup;
			children = (
				0E5214C216D6F93200E1E153 /* JSON.h */,
				0E5214C316D6F93200E1E153 /* NSObject+SBJSON.h */,
				0E5214C416D6F93200E1E153 /* NSObject+SBJSON.m */,
				0E5214C516D6F93200E1E153 /* NSString+SBJSON.h */,
				0E5214C616D6F93200E1E153 /* NSString+SBJSON.m */,
				0E5214C716D6F93200E1E153 /* SBJsonBase.h */,
				0E5214C816D6F93200E1E153 /* SBJsonBase.m */,
				0E5214C916D6F93200E1E153 /* SBJsonParser.h */,
				0E5214CA16D6F93200E1E153 /* SBJsonParser.m */,
				0E5214CB16D6F93200E1E153 /* SBJsonWriter.h */,
				0E5214CC16D6F93200E1E153 /* SBJsonWriter.m */,
			);
			path = JSON;
			sourceTree = "<group>";
		};
		0ED3F6AF17583CA0005183D0 /* Vendor */ = {
			isa = PBXGroup;
			children = (
				0ED3F6B017583CA1005183D0 /* AFNetworking */,
				0ED3F6C717583CA1005183D0 /* HSInstagram */,
			);
			path = Vendor;
			sourceTree = "<group>";
		};
		0ED3F6B017583CA1005183D0 /* AFNetworking */ = {
			isa = PBXGroup;
			children = (
				0ED3F6B117583CA1005183D0 /* AFHTTPClient.h */,
				0ED3F6B217583CA1005183D0 /* AFHTTPClient.m */,
				0ED3F6B317583CA1005183D0 /* AFHTTPRequestOperation.h */,
				0ED3F6B417583CA1005183D0 /* AFHTTPRequestOperation.m */,
				0ED3F6B517583CA1005183D0 /* AFImageCache.h */,
				0ED3F6B617583CA1005183D0 /* AFImageCache.m */,
				0ED3F6B717583CA1005183D0 /* AFImageRequestOperation.h */,
				0ED3F6B817583CA1005183D0 /* AFImageRequestOperation.m */,
				0ED3F6B917583CA1005183D0 /* AFJSONRequestOperation.h */,
				0ED3F6BA17583CA1005183D0 /* AFJSONRequestOperation.m */,
				0ED3F6BB17583CA1005183D0 /* AFJSONUtilities.h */,
				0ED3F6BC17583CA1005183D0 /* AFNetworkActivityIndicatorManager.h */,
				0ED3F6BD17583CA1005183D0 /* AFNetworkActivityIndicatorManager.m */,
				0ED3F6BE17583CA1005183D0 /* AFNetworking.h */,
				0ED3F6BF17583CA1005183D0 /* AFPropertyListRequestOperation.h */,
				0ED3F6C017583CA1005183D0 /* AFPropertyListRequestOperation.m */,
				0ED3F6C117583CA1005183D0 /* AFURLConnectionOperation.h */,
				0ED3F6C217583CA1005183D0 /* AFURLConnectionOperation.m */,
				0ED3F6C317583CA1005183D0 /* AFXMLRequestOperation.h */,
				0ED3F6C417583CA1005183D0 /* AFXMLRequestOperation.m */,
				0ED3F6C517583CA1005183D0 /* UIImageView+AFNetworking.h */,
				0ED3F6C617583CA1005183D0 /* UIImageView+AFNetworking.m */,
			);
			path = AFNetworking;
			sourceTree = "<group>";
		};
		0ED3F6C717583CA1005183D0 /* HSInstagram */ = {
			isa = PBXGroup;
			children = (
				0ED3F6C817583CA1005183D0 /* HSInstagram.h */,
				0ED3F6C917583CA1005183D0 /* HSInstagram.m */,
				0ED3F6CA17583CA1005183D0 /* Models */,
			);
			path = HSInstagram;
			sourceTree = "<group>";
		};
		0ED3F6CA17583CA1005183D0 /* Models */ = {
			isa = PBXGroup;
			children = (
				0ED3F6CB17583CA1005183D0 /* HSInstagramLocation.h */,
				0ED3F6CC17583CA1005183D0 /* HSInstagramLocation.m */,
				0ED3F6CD17583CA1005183D0 /* HSInstagramLocationMedia.h */,
				0ED3F6CE17583CA1005183D0 /* HSInstagramLocationMedia.m */,
				0ED3F6CF17583CA1005183D0 /* HSInstagramUserMedia.h */,
				0ED3F6D017583CA1005183D0 /* HSInstagramUserMedia.m */,
			);
			path = Models;
			sourceTree = "<group>";
		};
/* End PBXGroup section */

/* Begin PBXNativeTarget section */
		0E52148A16D6BC9600E1E153 /* Neargram */ = {
			isa = PBXNativeTarget;
			buildConfigurationList = 0E5214AE16D6BC9600E1E153 /* Build configuration list for PBXNativeTarget "Neargram" */;
			buildPhases = (
				0E52148716D6BC9600E1E153 /* Sources */,
				0E52148816D6BC9600E1E153 /* Frameworks */,
				0E52148916D6BC9600E1E153 /* Resources */,
			);
			buildRules = (
			);
			dependencies = (
			);
			name = Neargram;
			productName = Neargram;
			productReference = 0E52148B16D6BC9600E1E153 /* Neargram.app */;
			productType = "com.apple.product-type.application";
		};
/* End PBXNativeTarget section */

/* Begin PBXProject section */
		0E52148316D6BC9600E1E153 /* Project object */ = {
			isa = PBXProject;
			attributes = {
				CLASSPREFIX = NG;
				LastUpgradeCheck = 0460;
				ORGANIZATIONNAME = "Feng Zhou";
			};
			buildConfigurationList = 0E52148616D6BC9600E1E153 /* Build configuration list for PBXProject "Neargram" */;
			compatibilityVersion = "Xcode 3.2";
			developmentRegion = English;
			hasScannedForEncodings = 0;
			knownRegions = (
				en,
			);
			mainGroup = 0E52148216D6BC9600E1E153;
			productRefGroup = 0E52148C16D6BC9600E1E153 /* Products */;
			projectDirPath = "";
			projectRoot = "";
			targets = (
				0E52148A16D6BC9600E1E153 /* Neargram */,
			);
		};
/* End PBXProject section */

/* Begin PBXResourcesBuildPhase section */
		0E52148916D6BC9600E1E153 /* Resources */ = {
			isa = PBXResourcesBuildPhase;
			buildActionMask = 2147483647;
			files = (
				0E52149916D6BC9600E1E153 /* InfoPlist.strings in Resources */,
				0E5214A116D6BC9600E1E153 /* Default.png in Resources */,
				0E5214A316D6BC9600E1E153 /* Default@2x.png in Resources */,
				0E5214A516D6BC9600E1E153 /* Default-568h@2x.png in Resources */,
				0E5214A816D6BC9600E1E153 /* MainStoryboard.storyboard in Resources */,
			);
			runOnlyForDeploymentPostprocessing = 0;
		};
/* End PBXResourcesBuildPhase section */

/* Begin PBXSourcesBuildPhase section */
		0E52148716D6BC9600E1E153 /* Sources */ = {
			isa = PBXSourcesBuildPhase;
			buildActionMask = 2147483647;
			files = (
				0E52149B16D6BC9600E1E153 /* main.m in Sources */,
				0E52149F16D6BC9600E1E153 /* NGAppDelegate.m in Sources */,
				0E5214AB16D6BC9600E1E153 /* NGViewController.m in Sources */,
				0E5214B316D6C1FF00E1E153 /* NGNearbyViewController.m in Sources */,
				0E5214B616D6C55800E1E153 /* NGMeViewController.m in Sources */,
				0E5214D216D6F93200E1E153 /* NSObject+SBJSON.m in Sources */,
				0E5214D316D6F93200E1E153 /* NSString+SBJSON.m in Sources */,
				0E5214D416D6F93200E1E153 /* SBJsonBase.m in Sources */,
				0E5214D516D6F93200E1E153 /* SBJsonParser.m in Sources */,
				0E5214D616D6F93200E1E153 /* SBJsonWriter.m in Sources */,
				0E5214DF16D6FF3E00E1E153 /* NGTabBarViewController.m in Sources */,
				0E1BC78D16F41F0C00048F4B /* MyPhotoViewController.m in Sources */,
				0ED3F6D117583CA1005183D0 /* AFHTTPClient.m in Sources */,
				0ED3F6D217583CA1005183D0 /* AFHTTPRequestOperation.m in Sources */,
				0ED3F6D317583CA1005183D0 /* AFImageCache.m in Sources */,
				0ED3F6D417583CA1005183D0 /* AFImageRequestOperation.m in Sources */,
				0ED3F6D517583CA1005183D0 /* AFJSONRequestOperation.m in Sources */,
				0ED3F6D617583CA1005183D0 /* AFNetworkActivityIndicatorManager.m in Sources */,
				0ED3F6D717583CA1005183D0 /* AFPropertyListRequestOperation.m in Sources */,
				0ED3F6D817583CA1005183D0 /* AFURLConnectionOperation.m in Sources */,
				0ED3F6D917583CA1005183D0 /* AFXMLRequestOperation.m in Sources */,
				0ED3F6DA17583CA1005183D0 /* UIImageView+AFNetworking.m in Sources */,
				0ED3F6DB17583CA1005183D0 /* HSInstagram.m in Sources */,
				0ED3F6DC17583CA1005183D0 /* HSInstagramLocation.m in Sources */,
				0ED3F6DD17583CA1005183D0 /* HSInstagramLocationMedia.m in Sources */,
				0ED3F6DE17583CA1005183D0 /* HSInstagramUserMedia.m in Sources */,
			);
			runOnlyForDeploymentPostprocessing = 0;
		};
/* End PBXSourcesBuildPhase section */

/* Begin PBXVariantGroup section */
		0E52149716D6BC9600E1E153 /* InfoPlist.strings */ = {
			isa = PBXVariantGroup;
			children = (
				0E52149816D6BC9600E1E153 /* en */,
			);
			name = InfoPlist.strings;
			sourceTree = "<group>";
		};
		0E5214A616D6BC9600E1E153 /* MainStoryboard.storyboard */ = {
			isa = PBXVariantGroup;
			children = (
				0E5214A716D6BC9600E1E153 /* en */,
			);
			name = MainStoryboard.storyboard;
			sourceTree = "<group>";
		};
/* End PBXVariantGroup section */

/* Begin XCBuildConfiguration section */
		0E5214AC16D6BC9600E1E153 /* Debug */ = {
			isa = XCBuildConfiguration;
			buildSettings = {
				ALWAYS_SEARCH_USER_PATHS = NO;
				CLANG_CXX_LANGUAGE_STANDARD = "gnu++0x";
				CLANG_CXX_LIBRARY = "libc++";
				CLANG_ENABLE_OBJC_ARC = YES;
				CLANG_WARN_CONSTANT_CONVERSION = YES;
				CLANG_WARN_EMPTY_BODY = YES;
				CLANG_WARN_ENUM_CONVERSION = YES;
				CLANG_WARN_INT_CONVERSION = YES;
				CLANG_WARN__DUPLICATE_METHOD_MATCH = YES;
				"CODE_SIGN_IDENTITY[sdk=iphoneos*]" = "iPhone Developer";
				COPY_PHASE_STRIP = NO;
				GCC_C_LANGUAGE_STANDARD = gnu99;
				GCC_DYNAMIC_NO_PIC = NO;
				GCC_OPTIMIZATION_LEVEL = 0;
				GCC_PREPROCESSOR_DEFINITIONS = (
					"DEBUG=1",
					"$(inherited)",
				);
				GCC_SYMBOLS_PRIVATE_EXTERN = NO;
				GCC_WARN_ABOUT_RETURN_TYPE = YES;
				GCC_WARN_UNINITIALIZED_AUTOS = YES;
				GCC_WARN_UNUSED_VARIABLE = YES;
				IPHONEOS_DEPLOYMENT_TARGET = 6.1;
				ONLY_ACTIVE_ARCH = YES;
				SDKROOT = iphoneos;
			};
			name = Debug;
		};
		0E5214AD16D6BC9600E1E153 /* Release */ = {
			isa = XCBuildConfiguration;
			buildSettings = {
				ALWAYS_SEARCH_USER_PATHS = NO;
				CLANG_CXX_LANGUAGE_STANDARD = "gnu++0x";
				CLANG_CXX_LIBRARY = "libc++";
				CLANG_ENABLE_OBJC_ARC = YES;
				CLANG_WARN_CONSTANT_CONVERSION = YES;
				CLANG_WARN_EMPTY_BODY = YES;
				CLANG_WARN_ENUM_CONVERSION = YES;
				CLANG_WARN_INT_CONVERSION = YES;
				CLANG_WARN__DUPLICATE_METHOD_MATCH = YES;
				"CODE_SIGN_IDENTITY[sdk=iphoneos*]" = "iPhone Developer";
				COPY_PHASE_STRIP = YES;
				GCC_C_LANGUAGE_STANDARD = gnu99;
				GCC_WARN_ABOUT_RETURN_TYPE = YES;
				GCC_WARN_UNINITIALIZED_AUTOS = YES;
				GCC_WARN_UNUSED_VARIABLE = YES;
				IPHONEOS_DEPLOYMENT_TARGET = 6.1;
				OTHER_CFLAGS = "-DNS_BLOCK_ASSERTIONS=1";
				SDKROOT = iphoneos;
				VALIDATE_PRODUCT = YES;
			};
			name = Release;
		};
		0E5214AF16D6BC9600E1E153 /* Debug */ = {
			isa = XCBuildConfiguration;
			buildSettings = {
				GCC_PRECOMPILE_PREFIX_HEADER = YES;
				GCC_PREFIX_HEADER = "Neargram/Neargram-Prefix.pch";
				INFOPLIST_FILE = "Neargram/Neargram-Info.plist";
				PRODUCT_NAME = "$(TARGET_NAME)";
				WRAPPER_EXTENSION = app;
			};
			name = Debug;
		};
		0E5214B016D6BC9600E1E153 /* Release */ = {
			isa = XCBuildConfiguration;
			buildSettings = {
				GCC_PRECOMPILE_PREFIX_HEADER = YES;
				GCC_PREFIX_HEADER = "Neargram/Neargram-Prefix.pch";
				INFOPLIST_FILE = "Neargram/Neargram-Info.plist";
				PRODUCT_NAME = "$(TARGET_NAME)";
				WRAPPER_EXTENSION = app;
			};
			name = Release;
		};
/* End XCBuildConfiguration section */

/* Begin XCConfigurationList section */
		0E52148616D6BC9600E1E153 /* Build configuration list for PBXProject "Neargram" */ = {
			isa = XCConfigurationList;
			buildConfigurations = (
				0E5214AC16D6BC9600E1E153 /* Debug */,
				0E5214AD16D6BC9600E1E153 /* Release */,
			);
			defaultConfigurationIsVisible = 0;
			defaultConfigurationName = Release;
		};
		0E5214AE16D6BC9600E1E153 /* Build configuration list for PBXNativeTarget "Neargram" */ = {
			isa = XCConfigurationList;
			buildConfigurations = (
				0E5214AF16D6BC9600E1E153 /* Debug */,
				0E5214B016D6BC9600E1E153 /* Release */,
			);
			defaultConfigurationIsVisible = 0;
			defaultConfigurationName = Release;
		};
/* End XCConfigurationList section */
	};
	rootObject = 0E52148316D6BC9600E1E153 /* Project object */;
}
